// !$*UTF8*$!
{
	archiveVersion = 1;
	classes = {
	};
	objectVersion = 50;
	objects = {

/* Begin PBXBuildFile section */
		4869DCCF256B4A0D005DBE45 /* AppDelegate.swift in Sources */ = {isa = PBXBuildFile; fileRef = 4869DCCE256B4A0D005DBE45 /* AppDelegate.swift */; };
		4869DCD1256B4A0D005DBE45 /* SceneDelegate.swift in Sources */ = {isa = PBXBuildFile; fileRef = 4869DCD0256B4A0D005DBE45 /* SceneDelegate.swift */; };
		4869DCD6256B4A0D005DBE45 /* Main.storyboard in Resources */ = {isa = PBXBuildFile; fileRef = 4869DCD4256B4A0D005DBE45 /* Main.storyboard */; };
		4869DCD8256B4A10005DBE45 /* Assets.xcassets in Resources */ = {isa = PBXBuildFile; fileRef = 4869DCD7256B4A10005DBE45 /* Assets.xcassets */; };
		4869DCDB256B4A10005DBE45 /* LaunchScreen.storyboard in Resources */ = {isa = PBXBuildFile; fileRef = 4869DCD9256B4A10005DBE45 /* LaunchScreen.storyboard */; };
		4869DCE6256B4A10005DBE45 /* WeatherAppByMXLTests.swift in Sources */ = {isa = PBXBuildFile; fileRef = 4869DCE5256B4A10005DBE45 /* WeatherAppByMXLTests.swift */; };
		4869DCF1256B4A10005DBE45 /* WeatherAppByMXLUITests.swift in Sources */ = {isa = PBXBuildFile; fileRef = 4869DCF0256B4A10005DBE45 /* WeatherAppByMXLUITests.swift */; };
		4869DD08256B4B02005DBE45 /* WeatherViewController.swift in Sources */ = {isa = PBXBuildFile; fileRef = 4869DD07256B4B02005DBE45 /* WeatherViewController.swift */; };
		4869DD09256B4B02005DBE45 /* WeatherViewController.swift in Sources */ = {isa = PBXBuildFile; fileRef = 4869DD07256B4B02005DBE45 /* WeatherViewController.swift */; };
		4869DD0A256B4B02005DBE45 /* WeatherViewController.swift in Sources */ = {isa = PBXBuildFile; fileRef = 4869DD07256B4B02005DBE45 /* WeatherViewController.swift */; };
/* End PBXBuildFile section */

/* Begin PBXContainerItemProxy section */
		4869DCE2256B4A10005DBE45 /* PBXContainerItemProxy */ = {
			isa = PBXContainerItemProxy;
			containerPortal = 4869DCC3256B4A0D005DBE45 /* Project object */;
			proxyType = 1;
			remoteGlobalIDString = 4869DCCA256B4A0D005DBE45;
			remoteInfo = WeatherAppByMXL;
		};
		4869DCED256B4A10005DBE45 /* PBXContainerItemProxy */ = {
			isa = PBXContainerItemProxy;
			containerPortal = 4869DCC3256B4A0D005DBE45 /* Project object */;
			proxyType = 1;
			remoteGlobalIDString = 4869DCCA256B4A0D005DBE45;
			remoteInfo = WeatherAppByMXL;
		};
/* End PBXContainerItemProxy section */

/* Begin PBXFileReference section */
		4869DCCB256B4A0D005DBE45 /* WeatherAppByMXL.app */ = {isa = PBXFileReference; explicitFileType = wrapper.application; includeInIndex = 0; path = WeatherAppByMXL.app; sourceTree = BUILT_PRODUCTS_DIR; };
		4869DCCE256B4A0D005DBE45 /* AppDelegate.swift */ = {isa = PBXFileReference; lastKnownFileType = sourcecode.swift; path = AppDelegate.swift; sourceTree = "<group>"; };
		4869DCD0256B4A0D005DBE45 /* SceneDelegate.swift */ = {isa = PBXFileReference; lastKnownFileType = sourcecode.swift; path = SceneDelegate.swift; sourceTree = "<group>"; };
		4869DCD5256B4A0D005DBE45 /* Base */ = {isa = PBXFileReference; lastKnownFileType = file.storyboard; name = Base; path = Base.lproj/Main.storyboard; sourceTree = "<group>"; };
		4869DCD7256B4A10005DBE45 /* Assets.xcassets */ = {isa = PBXFileReference; lastKnownFileType = folder.assetcatalog; path = Assets.xcassets; sourceTree = "<group>"; };
		4869DCDA256B4A10005DBE45 /* Base */ = {isa = PBXFileReference; lastKnownFileType = file.storyboard; name = Base; path = Base.lproj/LaunchScreen.storyboard; sourceTree = "<group>"; };
		4869DCDC256B4A10005DBE45 /* Info.plist */ = {isa = PBXFileReference; lastKnownFileType = text.plist.xml; path = Info.plist; sourceTree = "<group>"; };
		4869DCE1256B4A10005DBE45 /* WeatherAppByMXLTests.xctest */ = {isa = PBXFileReference; explicitFileType = wrapper.cfbundle; includeInIndex = 0; path = WeatherAppByMXLTests.xctest; sourceTree = BUILT_PRODUCTS_DIR; };
		4869DCE5256B4A10005DBE45 /* WeatherAppByMXLTests.swift */ = {isa = PBXFileReference; lastKnownFileType = sourcecode.swift; path = WeatherAppByMXLTests.swift; sourceTree = "<group>"; };
		4869DCE7256B4A10005DBE45 /* Info.plist */ = {isa = PBXFileReference; lastKnownFileType = text.plist.xml; path = Info.plist; sourceTree = "<group>"; };
		4869DCEC256B4A10005DBE45 /* WeatherAppByMXLUITests.xctest */ = {isa = PBXFileReference; explicitFileType = wrapper.cfbundle; includeInIndex = 0; path = WeatherAppByMXLUITests.xctest; sourceTree = BUILT_PRODUCTS_DIR; };
		4869DCF0256B4A10005DBE45 /* WeatherAppByMXLUITests.swift */ = {isa = PBXFileReference; lastKnownFileType = sourcecode.swift; path = WeatherAppByMXLUITests.swift; sourceTree = "<group>"; };
		4869DCF2256B4A10005DBE45 /* Info.plist */ = {isa = PBXFileReference; lastKnownFileType = text.plist.xml; path = Info.plist; sourceTree = "<group>"; };
		4869DD07256B4B02005DBE45 /* WeatherViewController.swift */ = {isa = PBXFileReference; lastKnownFileType = sourcecode.swift; path = WeatherViewController.swift; sourceTree = "<group>"; };
/* End PBXFileReference section */

/* Begin PBXFrameworksBuildPhase section */
		4869DCC8256B4A0D005DBE45 /* Frameworks */ = {
			isa = PBXFrameworksBuildPhase;
			buildActionMask = 2147483647;
			files = (
			);
			runOnlyForDeploymentPostprocessing = 0;
		};
		4869DCDE256B4A10005DBE45 /* Frameworks */ = {
			isa = PBXFrameworksBuildPhase;
			buildActionMask = 2147483647;
			files = (
			);
			runOnlyForDeploymentPostprocessing = 0;
		};
		4869DCE9256B4A10005DBE45 /* Frameworks */ = {
			isa = PBXFrameworksBuildPhase;
			buildActionMask = 2147483647;
			files = (
			);
			runOnlyForDeploymentPostprocessing = 0;
		};
/* End PBXFrameworksBuildPhase section */

/* Begin PBXGroup section */
		4869DCC2256B4A0D005DBE45 = {
			isa = PBXGroup;
			children = (
				4869DCCD256B4A0D005DBE45 /* WeatherAppByMXL */,
				4869DCE4256B4A10005DBE45 /* WeatherAppByMXLTests */,
				4869DCEF256B4A10005DBE45 /* WeatherAppByMXLUITests */,
				4869DCCC256B4A0D005DBE45 /* Products */,
			);
			sourceTree = "<group>";
		};
		4869DCCC256B4A0D005DBE45 /* Products */ = {
			isa = PBXGroup;
			children = (
				4869DCCB256B4A0D005DBE45 /* WeatherAppByMXL.app */,
				4869DCE1256B4A10005DBE45 /* WeatherAppByMXLTests.xctest */,
				4869DCEC256B4A10005DBE45 /* WeatherAppByMXLUITests.xctest */,
			);
			name = Products;
			sourceTree = "<group>";
		};
		4869DCCD256B4A0D005DBE45 /* WeatherAppByMXL */ = {
			isa = PBXGroup;
			children = (
				4869DD01256B4A2E005DBE45 /* Model */,
				4869DD02256B4A39005DBE45 /* View */,
				4869DD03256B4A40005DBE45 /* Controller */,
				4869DCCE256B4A0D005DBE45 /* AppDelegate.swift */,
				4869DCD0256B4A0D005DBE45 /* SceneDelegate.swift */,
				4869DCD7256B4A10005DBE45 /* Assets.xcassets */,
				4869DCD9256B4A10005DBE45 /* LaunchScreen.storyboard */,
				4869DCDC256B4A10005DBE45 /* Info.plist */,
			);
			path = WeatherAppByMXL;
			sourceTree = "<group>";
		};
		4869DCE4256B4A10005DBE45 /* WeatherAppByMXLTests */ = {
			isa = PBXGroup;
			children = (
				4869DCE5256B4A10005DBE45 /* WeatherAppByMXLTests.swift */,
				4869DCE7256B4A10005DBE45 /* Info.plist */,
			);
			path = WeatherAppByMXLTests;
			sourceTree = "<group>";
		};
		4869DCEF256B4A10005DBE45 /* WeatherAppByMXLUITests */ = {
			isa = PBXGroup;
			children = (
				4869DCF0256B4A10005DBE45 /* WeatherAppByMXLUITests.swift */,
				4869DCF2256B4A10005DBE45 /* Info.plist */,
			);
			path = WeatherAppByMXLUITests;
			sourceTree = "<group>";
		};
		4869DD01256B4A2E005DBE45 /* Model */ = {
			isa = PBXGroup;
			children = (
			);
			path = Model;
			sourceTree = "<group>";
		};
		4869DD02256B4A39005DBE45 /* View */ = {
			isa = PBXGroup;
			children = (
				4869DCD4256B4A0D005DBE45 /* Main.storyboard */,
			);
			path = View;
			sourceTree = "<group>";
		};
		4869DD03256B4A40005DBE45 /* Controller */ = {
			isa = PBXGroup;
			children = (
				4869DD07256B4B02005DBE45 /* WeatherViewController.swift */,
			);
			path = Controller;
			sourceTree = "<group>";
		};
/* End PBXGroup section */

/* Begin PBXNativeTarget section */
		4869DCCA256B4A0D005DBE45 /* WeatherAppByMXL */ = {
			isa = PBXNativeTarget;
			buildConfigurationList = 4869DCF5256B4A10005DBE45 /* Build configuration list for PBXNativeTarget "WeatherAppByMXL" */;
			buildPhases = (
				4869DCC7256B4A0D005DBE45 /* Sources */,
				4869DCC8256B4A0D005DBE45 /* Frameworks */,
				4869DCC9256B4A0D005DBE45 /* Resources */,
			);
			buildRules = (
			);
			dependencies = (
			);
			name = WeatherAppByMXL;
			productName = WeatherAppByMXL;
			productReference = 4869DCCB256B4A0D005DBE45 /* WeatherAppByMXL.app */;
			productType = "com.apple.product-type.application";
		};
		4869DCE0256B4A10005DBE45 /* WeatherAppByMXLTests */ = {
			isa = PBXNativeTarget;
			buildConfigurationList = 4869DCF8256B4A10005DBE45 /* Build configuration list for PBXNativeTarget "WeatherAppByMXLTests" */;
			buildPhases = (
				4869DCDD256B4A10005DBE45 /* Sources */,
				4869DCDE256B4A10005DBE45 /* Frameworks */,
				4869DCDF256B4A10005DBE45 /* Resources */,
			);
			buildRules = (
			);
			dependencies = (
				4869DCE3256B4A10005DBE45 /* PBXTargetDependency */,
			);
			name = WeatherAppByMXLTests;
			productName = WeatherAppByMXLTests;
			productReference = 4869DCE1256B4A10005DBE45 /* WeatherAppByMXLTests.xctest */;
			productType = "com.apple.product-type.bundle.unit-test";
		};
		4869DCEB256B4A10005DBE45 /* WeatherAppByMXLUITests */ = {
			isa = PBXNativeTarget;
			buildConfigurationList = 4869DCFB256B4A10005DBE45 /* Build configuration list for PBXNativeTarget "WeatherAppByMXLUITests" */;
			buildPhases = (
				4869DCE8256B4A10005DBE45 /* Sources */,
				4869DCE9256B4A10005DBE45 /* Frameworks */,
				4869DCEA256B4A10005DBE45 /* Resources */,
			);
			buildRules = (
			);
			dependencies = (
				4869DCEE256B4A10005DBE45 /* PBXTargetDependency */,
			);
			name = WeatherAppByMXLUITests;
			productName = WeatherAppByMXLUITests;
			productReference = 4869DCEC256B4A10005DBE45 /* WeatherAppByMXLUITests.xctest */;
			productType = "com.apple.product-type.bundle.ui-testing";
		};
/* End PBXNativeTarget section */

/* Begin PBXProject section */
		4869DCC3256B4A0D005DBE45 /* Project object */ = {
			isa = PBXProject;
			attributes = {
				LastSwiftUpdateCheck = 1220;
				LastUpgradeCheck = 1220;
				TargetAttributes = {
					4869DCCA256B4A0D005DBE45 = {
						CreatedOnToolsVersion = 12.2;
					};
					4869DCE0256B4A10005DBE45 = {
						CreatedOnToolsVersion = 12.2;
						TestTargetID = 4869DCCA256B4A0D005DBE45;
					};
					4869DCEB256B4A10005DBE45 = {
						CreatedOnToolsVersion = 12.2;
						TestTargetID = 4869DCCA256B4A0D005DBE45;
					};
				};
			};
			buildConfigurationList = 4869DCC6256B4A0D005DBE45 /* Build configuration list for PBXProject "WeatherAppByMXL" */;
			compatibilityVersion = "Xcode 9.3";
			developmentRegion = en;
			hasScannedForEncodings = 0;
			knownRegions = (
				en,
				Base,
			);
			mainGroup = 4869DCC2256B4A0D005DBE45;
			productRefGroup = 4869DCCC256B4A0D005DBE45 /* Products */;
			projectDirPath = "";
			projectRoot = "";
			targets = (
				4869DCCA256B4A0D005DBE45 /* WeatherAppByMXL */,
				4869DCE0256B4A10005DBE45 /* WeatherAppByMXLTests */,
				4869DCEB256B4A10005DBE45 /* WeatherAppByMXLUITests */,
			);
		};
/* End PBXProject section */

/* Begin PBXResourcesBuildPhase section */
		4869DCC9256B4A0D005DBE45 /* Resources */ = {
			isa = PBXResourcesBuildPhase;
			buildActionMask = 2147483647;
			files = (
				4869DCDB256B4A10005DBE45 /* LaunchScreen.storyboard in Resources */,
				4869DCD8256B4A10005DBE45 /* Assets.xcassets in Resources */,
				4869DCD6256B4A0D005DBE45 /* Main.storyboard in Resources */,
			);
			runOnlyForDeploymentPostprocessing = 0;
		};
		4869DCDF256B4A10005DBE45 /* Resources */ = {
			isa = PBXResourcesBuildPhase;
			buildActionMask = 2147483647;
			files = (
			);
			runOnlyForDeploymentPostprocessing = 0;
		};
		4869DCEA256B4A10005DBE45 /* Resources */ = {
			isa = PBXResourcesBuildPhase;
			buildActionMask = 2147483647;
			files = (
			);
			runOnlyForDeploymentPostprocessing = 0;
		};
/* End PBXResourcesBuildPhase section */

/* Begin PBXSourcesBuildPhase section */
		4869DCC7256B4A0D005DBE45 /* Sources */ = {
			isa = PBXSourcesBuildPhase;
			buildActionMask = 2147483647;
			files = (
				4869DCCF256B4A0D005DBE45 /* AppDelegate.swift in Sources */,
				4869DD08256B4B02005DBE45 /* WeatherViewController.swift in Sources */,
				4869DCD1256B4A0D005DBE45 /* SceneDelegate.swift in Sources */,
			);
			runOnlyForDeploymentPostprocessing = 0;
		};
		4869DCDD256B4A10005DBE45 /* Sources */ = {
			isa = PBXSourcesBuildPhase;
			buildActionMask = 2147483647;
			files = (
				4869DCE6256B4A10005DBE45 /* WeatherAppByMXLTests.swift in Sources */,
				4869DD09256B4B02005DBE45 /* WeatherViewController.swift in Sources */,
			);
			runOnlyForDeploymentPostprocessing = 0;
		};
		4869DCE8256B4A10005DBE45 /* Sources */ = {
			isa = PBXSourcesBuildPhase;
			buildActionMask = 2147483647;
			files = (
				4869DCF1256B4A10005DBE45 /* WeatherAppByMXLUITests.swift in Sources */,
				4869DD0A256B4B02005DBE45 /* WeatherViewController.swift in Sources */,
			);
			runOnlyForDeploymentPostprocessing = 0;
		};
/* End PBXSourcesBuildPhase section */

/* Begin PBXTargetDependency section */
		4869DCE3256B4A10005DBE45 /* PBXTargetDependency */ = {
			isa = PBXTargetDependency;
			target = 4869DCCA256B4A0D005DBE45 /* WeatherAppByMXL */;
			targetProxy = 4869DCE2256B4A10005DBE45 /* PBXContainerItemProxy */;
		};
		4869DCEE256B4A10005DBE45 /* PBXTargetDependency */ = {
			isa = PBXTargetDependency;
			target = 4869DCCA256B4A0D005DBE45 /* WeatherAppByMXL */;
			targetProxy = 4869DCED256B4A10005DBE45 /* PBXContainerItemProxy */;
		};
/* End PBXTargetDependency section */

/* Begin PBXVariantGroup section */
		4869DCD4256B4A0D005DBE45 /* Main.storyboard */ = {
			isa = PBXVariantGroup;
			children = (
				4869DCD5256B4A0D005DBE45 /* Base */,
			);
			name = Main.storyboard;
			sourceTree = "<group>";
		};
		4869DCD9256B4A10005DBE45 /* LaunchScreen.storyboard */ = {
			isa = PBXVariantGroup;
			children = (
				4869DCDA256B4A10005DBE45 /* Base */,
			);
			name = LaunchScreen.storyboard;
			sourceTree = "<group>";
		};
/* End PBXVariantGroup section */

/* Begin XCBuildConfiguration section */
		4869DCF3256B4A10005DBE45 /* Debug */ = {
			isa = XCBuildConfiguration;
			buildSettings = {
				ALWAYS_SEARCH_USER_PATHS = NO;
				CLANG_ANALYZER_NONNULL = YES;
				CLANG_ANALYZER_NUMBER_OBJECT_CONVERSION = YES_AGGRESSIVE;
				CLANG_CXX_LANGUAGE_STANDARD = "gnu++14";
				CLANG_CXX_LIBRARY = "libc++";
				CLANG_ENABLE_MODULES = YES;
				CLANG_ENABLE_OBJC_ARC = YES;
				CLANG_ENABLE_OBJC_WEAK = YES;
				CLANG_WARN_BLOCK_CAPTURE_AUTORELEASING = YES;
				CLANG_WARN_BOOL_CONVERSION = YES;
				CLANG_WARN_COMMA = YES;
				CLANG_WARN_CONSTANT_CONVERSION = YES;
				CLANG_WARN_DEPRECATED_OBJC_IMPLEMENTATIONS = YES;
				CLANG_WARN_DIRECT_OBJC_ISA_USAGE = YES_ERROR;
				CLANG_WARN_DOCUMENTATION_COMMENTS = YES;
				CLANG_WARN_EMPTY_BODY = YES;
				CLANG_WARN_ENUM_CONVERSION = YES;
				CLANG_WARN_INFINITE_RECURSION = YES;
				CLANG_WARN_INT_CONVERSION = YES;
				CLANG_WARN_NON_LITERAL_NULL_CONVERSION = YES;
				CLANG_WARN_OBJC_IMPLICIT_RETAIN_SELF = YES;
				CLANG_WARN_OBJC_LITERAL_CONVERSION = YES;
				CLANG_WARN_OBJC_ROOT_CLASS = YES_ERROR;
				CLANG_WARN_QUOTED_INCLUDE_IN_FRAMEWORK_HEADER = YES;
				CLANG_WARN_RANGE_LOOP_ANALYSIS = YES;
				CLANG_WARN_STRICT_PROTOTYPES = YES;
				CLANG_WARN_SUSPICIOUS_MOVE = YES;
				CLANG_WARN_UNGUARDED_AVAILABILITY = YES_AGGRESSIVE;
				CLANG_WARN_UNREACHABLE_CODE = YES;
				CLANG_WARN__DUPLICATE_METHOD_MATCH = YES;
				COPY_PHASE_STRIP = NO;
				DEBUG_INFORMATION_FORMAT = dwarf;
				ENABLE_STRICT_OBJC_MSGSEND = YES;
				ENABLE_TESTABILITY = YES;
				GCC_C_LANGUAGE_STANDARD = gnu11;
				GCC_DYNAMIC_NO_PIC = NO;
				GCC_NO_COMMON_BLOCKS = YES;
				GCC_OPTIMIZATION_LEVEL = 0;
				GCC_PREPROCESSOR_DEFINITIONS = (
					"DEBUG=1",
					"$(inherited)",
				);
				GCC_WARN_64_TO_32_BIT_CONVERSION = YES;
				GCC_WARN_ABOUT_RETURN_TYPE = YES_ERROR;
				GCC_WARN_UNDECLARED_SELECTOR = YES;
				GCC_WARN_UNINITIALIZED_AUTOS = YES_AGGRESSIVE;
				GCC_WARN_UNUSED_FUNCTION = YES;
				GCC_WARN_UNUSED_VARIABLE = YES;
				IPHONEOS_DEPLOYMENT_TARGET = 14.2;
				MTL_ENABLE_DEBUG_INFO = INCLUDE_SOURCE;
				MTL_FAST_MATH = YES;
				ONLY_ACTIVE_ARCH = YES;
				SDKROOT = iphoneos;
				SWIFT_ACTIVE_COMPILATION_CONDITIONS = DEBUG;
				SWIFT_OPTIMIZATION_LEVEL = "-Onone";
			};
			name = Debug;
		};
		4869DCF4256B4A10005DBE45 /* Release */ = {
			isa = XCBuildConfiguration;
			buildSettings = {
				ALWAYS_SEARCH_USER_PATHS = NO;
				CLANG_ANALYZER_NONNULL = YES;
				CLANG_ANALYZER_NUMBER_OBJECT_CONVERSION = YES_AGGRESSIVE;
				CLANG_CXX_LANGUAGE_STANDARD = "gnu++14";
				CLANG_CXX_LIBRARY = "libc++";
				CLANG_ENABLE_MODULES = YES;
				CLANG_ENABLE_OBJC_ARC = YES;
				CLANG_ENABLE_OBJC_WEAK = YES;
				CLANG_WARN_BLOCK_CAPTURE_AUTORELEASING = YES;
				CLANG_WARN_BOOL_CONVERSION = YES;
				CLANG_WARN_COMMA = YES;
				CLANG_WARN_CONSTANT_CONVERSION = YES;
				CLANG_WARN_DEPRECATED_OBJC_IMPLEMENTATIONS = YES;
				CLANG_WARN_DIRECT_OBJC_ISA_USAGE = YES_ERROR;
				CLANG_WARN_DOCUMENTATION_COMMENTS = YES;
				CLANG_WARN_EMPTY_BODY = YES;
				CLANG_WARN_ENUM_CONVERSION = YES;
				CLANG_WARN_INFINITE_RECURSION = YES;
				CLANG_WARN_INT_CONVERSION = YES;
				CLANG_WARN_NON_LITERAL_NULL_CONVERSION = YES;
				CLANG_WARN_OBJC_IMPLICIT_RETAIN_SELF = YES;
				CLANG_WARN_OBJC_LITERAL_CONVERSION = YES;
				CLANG_WARN_OBJC_ROOT_CLASS = YES_ERROR;
				CLANG_WARN_QUOTED_INCLUDE_IN_FRAMEWORK_HEADER = YES;
				CLANG_WARN_RANGE_LOOP_ANALYSIS = YES;
				CLANG_WARN_STRICT_PROTOTYPES = YES;
				CLANG_WARN_SUSPICIOUS_MOVE = YES;
				CLANG_WARN_UNGUARDED_AVAILABILITY = YES_AGGRESSIVE;
				CLANG_WARN_UNREACHABLE_CODE = YES;
				CLANG_WARN__DUPLICATE_METHOD_MATCH = YES;
				COPY_PHASE_STRIP = NO;
				DEBUG_INFORMATION_FORMAT = "dwarf-with-dsym";
				ENABLE_NS_ASSERTIONS = NO;
				ENABLE_STRICT_OBJC_MSGSEND = YES;
				GCC_C_LANGUAGE_STANDARD = gnu11;
				GCC_NO_COMMON_BLOCKS = YES;
				GCC_WARN_64_TO_32_BIT_CONVERSION = YES;
				GCC_WARN_ABOUT_RETURN_TYPE = YES_ERROR;
				GCC_WARN_UNDECLARED_SELECTOR = YES;
				GCC_WARN_UNINITIALIZED_AUTOS = YES_AGGRESSIVE;
				GCC_WARN_UNUSED_FUNCTION = YES;
				GCC_WARN_UNUSED_VARIABLE = YES;
				IPHONEOS_DEPLOYMENT_TARGET = 14.2;
				MTL_ENABLE_DEBUG_INFO = NO;
				MTL_FAST_MATH = YES;
				SDKROOT = iphoneos;
				SWIFT_COMPILATION_MODE = wholemodule;
				SWIFT_OPTIMIZATION_LEVEL = "-O";
				VALIDATE_PRODUCT = YES;
			};
			name = Release;
		};
		4869DCF6256B4A10005DBE45 /* Debug */ = {
			isa = XCBuildConfiguration;
			buildSettings = {
				ASSETCATALOG_COMPILER_APPICON_NAME = AppIcon;
				ASSETCATALOG_COMPILER_GLOBAL_ACCENT_COLOR_NAME = AccentColor;
				CODE_SIGN_STYLE = Automatic;
				DEVELOPMENT_TEAM = 2FN25VD7TR;
				INFOPLIST_FILE = WeatherAppByMXL/Info.plist;
				LD_RUNPATH_SEARCH_PATHS = (
					"$(inherited)",
					"@executable_path/Frameworks",
				);
				PRODUCT_BUNDLE_IDENTIFIER = maixuanlinh.com.WeatherAppByMXL;
				PRODUCT_NAME = "$(TARGET_NAME)";
				SWIFT_VERSION = 5.0;
				TARGETED_DEVICE_FAMILY = "1,2";
			};
			name = Debug;
		};
		4869DCF7256B4A10005DBE45 /* Release */ = {
			isa = XCBuildConfiguration;
			buildSettings = {
				ASSETCATALOG_COMPILER_APPICON_NAME = AppIcon;
				ASSETCATALOG_COMPILER_GLOBAL_ACCENT_COLOR_NAME = AccentColor;
				CODE_SIGN_STYLE = Automatic;
				DEVELOPMENT_TEAM = 2FN25VD7TR;
				INFOPLIST_FILE = WeatherAppByMXL/Info.plist;
				LD_RUNPATH_SEARCH_PATHS = (
					"$(inherited)",
					"@executable_path/Frameworks",
				);
				PRODUCT_BUNDLE_IDENTIFIER = maixuanlinh.com.WeatherAppByMXL;
				PRODUCT_NAME = "$(TARGET_NAME)";
				SWIFT_VERSION = 5.0;
				TARGETED_DEVICE_FAMILY = "1,2";
			};
			name = Release;
		};
		4869DCF9256B4A10005DBE45 /* Debug */ = {
			isa = XCBuildConfiguration;
			buildSettings = {
				ALWAYS_EMBED_SWIFT_STANDARD_LIBRARIES = YES;
				BUNDLE_LOADER = "$(TEST_HOST)";
				CODE_SIGN_STYLE = Automatic;
				DEVELOPMENT_TEAM = 2FN25VD7TR;
				INFOPLIST_FILE = WeatherAppByMXLTests/Info.plist;
				IPHONEOS_DEPLOYMENT_TARGET = 14.2;
				LD_RUNPATH_SEARCH_PATHS = (
					"$(inherited)",
					"@executable_path/Frameworks",
					"@loader_path/Frameworks",
				);
				PRODUCT_BUNDLE_IDENTIFIER = maixuanlinh.com.WeatherAppByMXLTests;
				PRODUCT_NAME = "$(TARGET_NAME)";
				SWIFT_VERSION = 5.0;
				TARGETED_DEVICE_FAMILY = "1,2";
				TEST_HOST = "$(BUILT_PRODUCTS_DIR)/WeatherAppByMXL.app/WeatherAppByMXL";
			};
			name = Debug;
		};
		4869DCFA256B4A10005DBE45 /* Release */ = {
			isa = XCBuildConfiguration;
			buildSettings = {
				ALWAYS_EMBED_SWIFT_STANDARD_LIBRARIES = YES;
				BUNDLE_LOADER = "$(TEST_HOST)";
				CODE_SIGN_STYLE = Automatic;
				DEVELOPMENT_TEAM = 2FN25VD7TR;
				INFOPLIST_FILE = WeatherAppByMXLTests/Info.plist;
				IPHONEOS_DEPLOYMENT_TARGET = 14.2;
				LD_RUNPATH_SEARCH_PATHS = (
					"$(inherited)",
					"@executable_path/Frameworks",
					"@loader_path/Frameworks",
				);
				PRODUCT_BUNDLE_IDENTIFIER = maixuanlinh.com.WeatherAppByMXLTests;
				PRODUCT_NAME = "$(TARGET_NAME)";
				SWIFT_VERSION = 5.0;
				TARGETED_DEVICE_FAMILY = "1,2";
				TEST_HOST = "$(BUILT_PRODUCTS_DIR)/WeatherAppByMXL.app/WeatherAppByMXL";
			};
			name = Release;
		};
		4869DCFC256B4A10005DBE45 /* Debug */ = {
			isa = XCBuildConfiguration;
			buildSettings = {
				ALWAYS_EMBED_SWIFT_STANDARD_LIBRARIES = YES;
				CODE_SIGN_STYLE = Automatic;
				DEVELOPMENT_TEAM = 2FN25VD7TR;
				INFOPLIST_FILE = WeatherAppByMXLUITests/Info.plist;
				LD_RUNPATH_SEARCH_PATHS = (
					"$(inherited)",
					"@executable_path/Frameworks",
					"@loader_path/Frameworks",
				);
				PRODUCT_BUNDLE_IDENTIFIER = maixuanlinh.com.WeatherAppByMXLUITests;
				PRODUCT_NAME = "$(TARGET_NAME)";
				SWIFT_VERSION = 5.0;
				TARGETED_DEVICE_FAMILY = "1,2";
				TEST_TARGET_NAME = WeatherAppByMXL;
			};
			name = Debug;
		};
		4869DCFD256B4A10005DBE45 /* Release */ = {
			isa = XCBuildConfiguration;
			buildSettings = {
				ALWAYS_EMBED_SWIFT_STANDARD_LIBRARIES = YES;
				CODE_SIGN_STYLE = Automatic;
				DEVELOPMENT_TEAM = 2FN25VD7TR;
				INFOPLIST_FILE = WeatherAppByMXLUITests/Info.plist;
				LD_RUNPATH_SEARCH_PATHS = (
					"$(inherited)",
					"@executable_path/Frameworks",
					"@loader_path/Frameworks",
				);
				PRODUCT_BUNDLE_IDENTIFIER = maixuanlinh.com.WeatherAppByMXLUITests;
				PRODUCT_NAME = "$(TARGET_NAME)";
				SWIFT_VERSION = 5.0;
				TARGETED_DEVICE_FAMILY = "1,2";
				TEST_TARGET_NAME = WeatherAppByMXL;
			};
			name = Release;
		};
/* End XCBuildConfiguration section */

/* Begin XCConfigurationList section */
		4869DCC6256B4A0D005DBE45 /* Build configuration list for PBXProject "WeatherAppByMXL" */ = {
			isa = XCConfigurationList;
			buildConfigurations = (
				4869DCF3256B4A10005DBE45 /* Debug */,
				4869DCF4256B4A10005DBE45 /* Release */,
			);
			defaultConfigurationIsVisible = 0;
			defaultConfigurationName = Release;
		};
		4869DCF5256B4A10005DBE45 /* Build configuration list for PBXNativeTarget "WeatherAppByMXL" */ = {
			isa = XCConfigurationList;
			buildConfigurations = (
				4869DCF6256B4A10005DBE45 /* Debug */,
				4869DCF7256B4A10005DBE45 /* Release */,
			);
			defaultConfigurationIsVisible = 0;
			defaultConfigurationName = Release;
		};
		4869DCF8256B4A10005DBE45 /* Build configuration list for PBXNativeTarget "WeatherAppByMXLTests" */ = {
			isa = XCConfigurationList;
			buildConfigurations = (
				4869DCF9256B4A10005DBE45 /* Debug */,
				4869DCFA256B4A10005DBE45 /* Release */,
			);
			defaultConfigurationIsVisible = 0;
			defaultConfigurationName = Release;
		};
		4869DCFB256B4A10005DBE45 /* Build configuration list for PBXNativeTarget "WeatherAppByMXLUITests" */ = {
			isa = XCConfigurationList;
			buildConfigurations = (
				4869DCFC256B4A10005DBE45 /* Debug */,
				4869DCFD256B4A10005DBE45 /* Release */,
			);
			defaultConfigurationIsVisible = 0;
			defaultConfigurationName = Release;
		};
/* End XCConfigurationList section */
	};
	rootObject = 4869DCC3256B4A0D005DBE45 /* Project object */;
}
